
Microsoft Visual Studio Solution File, Format Version 12.00
# Visual Studio Version 16
VisualStudioVersion = 25.0.1706.8
MinimumVisualStudioVersion = 10.0.40219.1
Project("{FAE04EC0-301F-11D3-BF4B-00C04F79EFBC}") = "лб1", "лб1\лб1.csproj", "{7BF521AF-6F49-45ED-B808-0187880FA2C4}"
EndProject
Global
	GlobalSection(SolutionConfigurationPlatforms) = preSolution
		Debug|Any CPU = Debug|Any CPU
		Release|Any CPU = Release|Any CPU
	EndGlobalSection
	GlobalSection(ProjectConfigurationPlatforms) = postSolution
		{7BF521AF-6F49-45ED-B808-0187880FA2C4}.Debug|Any CPU.ActiveCfg = Debug|Any CPU
		{7BF521AF-6F49-45ED-B808-0187880FA2C4}.Debug|Any CPU.Build.0 = Debug|Any CPU
		{7BF521AF-6F49-45ED-B808-0187880FA2C4}.Release|Any CPU.ActiveCfg = Release|Any CPU
		{7BF521AF-6F49-45ED-B808-0187880FA2C4}.Release|Any CPU.Build.0 = Release|Any CPU
	EndGlobalSection
	GlobalSection(SolutionProperties) = preSolution
		HideSolutionNode = FALSE
	EndGlobalSection
	GlobalSection(ExtensibilityGlobals) = postSolution
		SolutionGuid = {ACC01962-F59E-414B-BC4E-9DBA88D3C917}
	EndGlobalSection
EndGlobal
